
Microsoft Visual Studio Solution File, Format Version 12.00
# Visual Studio Version 17
VisualStudioVersion = 17.0.31919.166
MinimumVisualStudioVersion = 10.0.40219.1
Project("{FAE04EC0-301F-11D3-BF4B-00C04F79EFBC}") = "MaterialTestV43", "MaterialTestV43\MaterialTestV43.csproj", "{D0F50F5B-C5CA-4F86-88E9-A359528BAECC}"
EndProject
Global
	GlobalSection(SolutionConfigurationPlatforms) = preSolution
		Debug|Any CPU = Debug|Any CPU
		Release|Any CPU = Release|Any CPU
	EndGlobalSection
	GlobalSection(ProjectConfigurationPlatforms) = postSolution
		{D0F50F5B-C5CA-4F86-88E9-A359528BAECC}.Debug|Any CPU.ActiveCfg = Debug|Any CPU
		{D0F50F5B-C5CA-4F86-88E9-A359528BAECC}.Debug|Any CPU.Build.0 = Debug|Any CPU
		{D0F50F5B-C5CA-4F86-88E9-A359528BAECC}.Release|Any CPU.ActiveCfg = Release|Any CPU
		{D0F50F5B-C5CA-4F86-88E9-A359528BAECC}.Release|Any CPU.Build.0 = Release|Any CPU
	EndGlobalSection
	GlobalSection(SolutionProperties) = preSolution
		HideSolutionNode = FALSE
	EndGlobalSection
	GlobalSection(ExtensibilityGlobals) = postSolution
		SolutionGuid = {18347CEF-B58C-4E4D-9C08-F8C95EFF844C}
	EndGlobalSection
EndGlobal
